// !$*UTF8*$!
{
	archiveVersion = 1;
	classes = {
	};
	objectVersion = 50;
	objects = {

/* Begin PBXBuildFile section */
		F035CB9622DB04FE00CBBF42 /* AppDelegate.swift in Sources */ = {isa = PBXBuildFile; fileRef = F035CB9522DB04FE00CBBF42 /* AppDelegate.swift */; };
		F035CB9822DB04FE00CBBF42 /* ViewController.swift in Sources */ = {isa = PBXBuildFile; fileRef = F035CB9722DB04FE00CBBF42 /* ViewController.swift */; };
		F035CB9B22DB04FE00CBBF42 /* Main.storyboard in Resources */ = {isa = PBXBuildFile; fileRef = F035CB9922DB04FE00CBBF42 /* Main.storyboard */; };
		F035CB9D22DB04FF00CBBF42 /* Assets.xcassets in Resources */ = {isa = PBXBuildFile; fileRef = F035CB9C22DB04FF00CBBF42 /* Assets.xcassets */; };
		F035CBA022DB04FF00CBBF42 /* LaunchScreen.storyboard in Resources */ = {isa = PBXBuildFile; fileRef = F035CB9E22DB04FF00CBBF42 /* LaunchScreen.storyboard */; };
		F035CBA822DB071600CBBF42 /* AllExtensions.swift in Sources */ = {isa = PBXBuildFile; fileRef = F035CBA722DB071600CBBF42 /* AllExtensions.swift */; };
		F035CBAB22DB09D800CBBF42 /* DoubleExtensionSample.swift in Sources */ = {isa = PBXBuildFile; fileRef = F035CBAA22DB09D800CBBF42 /* DoubleExtensionSample.swift */; };
		F035CBAD22DB0BF900CBBF42 /* ArrayExtentsion.swift in Sources */ = {isa = PBXBuildFile; fileRef = F035CBAC22DB0BF900CBBF42 /* ArrayExtentsion.swift */; };
		F035CBAF22DB0F3B00CBBF42 /* DictionaryExtension.swift in Sources */ = {isa = PBXBuildFile; fileRef = F035CBAE22DB0F3B00CBBF42 /* DictionaryExtension.swift */; };
		F07808FA22E2103200999FC4 /* ExplicitDependencyFramework.h in Headers */ = {isa = PBXBuildFile; fileRef = F07808F822E2103200999FC4 /* ExplicitDependencyFramework.h */; settings = {ATTRIBUTES = (Public, ); }; };
		F07808FD22E2103200999FC4 /* ExplicitDependencyFramework.framework in Frameworks */ = {isa = PBXBuildFile; fileRef = F07808F622E2103200999FC4 /* ExplicitDependencyFramework.framework */; };
		F07808FE22E2103200999FC4 /* ExplicitDependencyFramework.framework in Embed Frameworks */ = {isa = PBXBuildFile; fileRef = F07808F622E2103200999FC4 /* ExplicitDependencyFramework.framework */; settings = {ATTRIBUTES = (CodeSignOnCopy, RemoveHeadersOnCopy, ); }; };
		F078090422E2104500999FC4 /* HelloWorldExplicit.swift in Sources */ = {isa = PBXBuildFile; fileRef = F078090322E2104500999FC4 /* HelloWorldExplicit.swift */; };
		F078090522E2109800999FC4 /* ImplicitDependencies.framework in Frameworks */ = {isa = PBXBuildFile; fileRef = F07808EE22E20FCB00999FC4 /* ImplicitDependencies.framework */; };
/* End PBXBuildFile section */

/* Begin PBXContainerItemProxy section */
		F07808ED22E20FCB00999FC4 /* PBXContainerItemProxy */ = {
			isa = PBXContainerItemProxy;
			containerPortal = F07808E922E20FCB00999FC4 /* ImplicitDependencies.xcodeproj */;
			proxyType = 2;
			remoteGlobalIDString = F07808DE22E20FBE00999FC4;
			remoteInfo = ImplicitDependencies;
		};
		F07808FB22E2103200999FC4 /* PBXContainerItemProxy */ = {
			isa = PBXContainerItemProxy;
			containerPortal = F035CB8A22DB04FE00CBBF42 /* Project object */;
			proxyType = 1;
			remoteGlobalIDString = F07808F522E2103200999FC4;
			remoteInfo = ExplicitDependencyFramework;
		};
/* End PBXContainerItemProxy section */

/* Begin PBXCopyFilesBuildPhase section */
		F078090222E2103200999FC4 /* Embed Frameworks */ = {
			isa = PBXCopyFilesBuildPhase;
			buildActionMask = 2147483647;
			dstPath = "";
			dstSubfolderSpec = 10;
			files = (
				F07808FE22E2103200999FC4 /* ExplicitDependencyFramework.framework in Embed Frameworks */,
			);
			name = "Embed Frameworks";
			runOnlyForDeploymentPostprocessing = 0;
		};
/* End PBXCopyFilesBuildPhase section */

/* Begin PBXFileReference section */
		F035CB9222DB04FE00CBBF42 /* SwiftIndia-BuildTimes-Workshop.app */ = {isa = PBXFileReference; explicitFileType = wrapper.application; includeInIndex = 0; path = "SwiftIndia-BuildTimes-Workshop.app"; sourceTree = BUILT_PRODUCTS_DIR; };
		F035CB9522DB04FE00CBBF42 /* AppDelegate.swift */ = {isa = PBXFileReference; lastKnownFileType = sourcecode.swift; path = AppDelegate.swift; sourceTree = "<group>"; };
		F035CB9722DB04FE00CBBF42 /* ViewController.swift */ = {isa = PBXFileReference; lastKnownFileType = sourcecode.swift; path = ViewController.swift; sourceTree = "<group>"; };
		F035CB9A22DB04FE00CBBF42 /* Base */ = {isa = PBXFileReference; lastKnownFileType = file.storyboard; name = Base; path = Base.lproj/Main.storyboard; sourceTree = "<group>"; };
		F035CB9C22DB04FF00CBBF42 /* Assets.xcassets */ = {isa = PBXFileReference; lastKnownFileType = folder.assetcatalog; path = Assets.xcassets; sourceTree = "<group>"; };
		F035CB9F22DB04FF00CBBF42 /* Base */ = {isa = PBXFileReference; lastKnownFileType = file.storyboard; name = Base; path = Base.lproj/LaunchScreen.storyboard; sourceTree = "<group>"; };
		F035CBA122DB04FF00CBBF42 /* Info.plist */ = {isa = PBXFileReference; lastKnownFileType = text.plist.xml; path = Info.plist; sourceTree = "<group>"; };
		F035CBA722DB071600CBBF42 /* AllExtensions.swift */ = {isa = PBXFileReference; lastKnownFileType = sourcecode.swift; path = AllExtensions.swift; sourceTree = "<group>"; };
		F035CBAA22DB09D800CBBF42 /* DoubleExtensionSample.swift */ = {isa = PBXFileReference; lastKnownFileType = sourcecode.swift; path = DoubleExtensionSample.swift; sourceTree = "<group>"; };
		F035CBAC22DB0BF900CBBF42 /* ArrayExtentsion.swift */ = {isa = PBXFileReference; lastKnownFileType = sourcecode.swift; path = ArrayExtentsion.swift; sourceTree = "<group>"; };
		F035CBAE22DB0F3B00CBBF42 /* DictionaryExtension.swift */ = {isa = PBXFileReference; lastKnownFileType = sourcecode.swift; path = DictionaryExtension.swift; sourceTree = "<group>"; };
		F07808E922E20FCB00999FC4 /* ImplicitDependencies.xcodeproj */ = {isa = PBXFileReference; lastKnownFileType = "wrapper.pb-project"; name = ImplicitDependencies.xcodeproj; path = ImplicitDependencies/ImplicitDependencies.xcodeproj; sourceTree = "<group>"; };
		F07808F622E2103200999FC4 /* ExplicitDependencyFramework.framework */ = {isa = PBXFileReference; explicitFileType = wrapper.framework; includeInIndex = 0; path = ExplicitDependencyFramework.framework; sourceTree = BUILT_PRODUCTS_DIR; };
		F07808F822E2103200999FC4 /* ExplicitDependencyFramework.h */ = {isa = PBXFileReference; lastKnownFileType = sourcecode.c.h; path = ExplicitDependencyFramework.h; sourceTree = "<group>"; };
		F07808F922E2103200999FC4 /* Info.plist */ = {isa = PBXFileReference; lastKnownFileType = text.plist.xml; path = Info.plist; sourceTree = "<group>"; };
		F078090322E2104500999FC4 /* HelloWorldExplicit.swift */ = {isa = PBXFileReference; lastKnownFileType = sourcecode.swift; path = HelloWorldExplicit.swift; sourceTree = "<group>"; };
/* End PBXFileReference section */

/* Begin PBXFrameworksBuildPhase section */
		F035CB8F22DB04FE00CBBF42 /* Frameworks */ = {
			isa = PBXFrameworksBuildPhase;
			buildActionMask = 2147483647;
			files = (
				F07808FD22E2103200999FC4 /* ExplicitDependencyFramework.framework in Frameworks */,
			);
			runOnlyForDeploymentPostprocessing = 0;
		};
		F07808F322E2103200999FC4 /* Frameworks */ = {
			isa = PBXFrameworksBuildPhase;
			buildActionMask = 2147483647;
			files = (
				F078090522E2109800999FC4 /* ImplicitDependencies.framework in Frameworks */,
			);
			runOnlyForDeploymentPostprocessing = 0;
		};
/* End PBXFrameworksBuildPhase section */

/* Begin PBXGroup section */
		F035CB8922DB04FE00CBBF42 = {
			isa = PBXGroup;
			children = (
				F07808E922E20FCB00999FC4 /* ImplicitDependencies.xcodeproj */,
				F035CB9422DB04FE00CBBF42 /* SwiftIndia-BuildTimes-Workshop */,
				F07808F722E2103200999FC4 /* ExplicitDependencyFramework */,
				F035CB9322DB04FE00CBBF42 /* Products */,
				F035CBC322DB365600CBBF42 /* Frameworks */,
			);
			sourceTree = "<group>";
		};
		F035CB9322DB04FE00CBBF42 /* Products */ = {
			isa = PBXGroup;
			children = (
				F035CB9222DB04FE00CBBF42 /* SwiftIndia-BuildTimes-Workshop.app */,
				F07808F622E2103200999FC4 /* ExplicitDependencyFramework.framework */,
			);
			name = Products;
			sourceTree = "<group>";
		};
		F035CB9422DB04FE00CBBF42 /* SwiftIndia-BuildTimes-Workshop */ = {
			isa = PBXGroup;
			children = (
				F035CBA922DB09A400CBBF42 /* FIleBaseCompilations */,
				F035CB9522DB04FE00CBBF42 /* AppDelegate.swift */,
				F035CB9722DB04FE00CBBF42 /* ViewController.swift */,
				F035CB9922DB04FE00CBBF42 /* Main.storyboard */,
				F035CB9C22DB04FF00CBBF42 /* Assets.xcassets */,
				F035CB9E22DB04FF00CBBF42 /* LaunchScreen.storyboard */,
				F035CBA122DB04FF00CBBF42 /* Info.plist */,
			);
			path = "SwiftIndia-BuildTimes-Workshop";
			sourceTree = "<group>";
		};
		F035CBA922DB09A400CBBF42 /* FIleBaseCompilations */ = {
			isa = PBXGroup;
			children = (
				F035CBA722DB071600CBBF42 /* AllExtensions.swift */,
				F035CBAA22DB09D800CBBF42 /* DoubleExtensionSample.swift */,
				F035CBAC22DB0BF900CBBF42 /* ArrayExtentsion.swift */,
				F035CBAE22DB0F3B00CBBF42 /* DictionaryExtension.swift */,
			);
			path = FIleBaseCompilations;
			sourceTree = "<group>";
		};
		F035CBC322DB365600CBBF42 /* Frameworks */ = {
			isa = PBXGroup;
			children = (
			);
			name = Frameworks;
			sourceTree = "<group>";
		};
		F07808EA22E20FCB00999FC4 /* Products */ = {
			isa = PBXGroup;
			children = (
				F07808EE22E20FCB00999FC4 /* ImplicitDependencies.framework */,
			);
			name = Products;
			sourceTree = "<group>";
		};
		F07808F722E2103200999FC4 /* ExplicitDependencyFramework */ = {
			isa = PBXGroup;
			children = (
				F07808F822E2103200999FC4 /* ExplicitDependencyFramework.h */,
				F07808F922E2103200999FC4 /* Info.plist */,
				F078090322E2104500999FC4 /* HelloWorldExplicit.swift */,
			);
			path = ExplicitDependencyFramework;
			sourceTree = "<group>";
		};
/* End PBXGroup section */

/* Begin PBXHeadersBuildPhase section */
		F07808F122E2103200999FC4 /* Headers */ = {
			isa = PBXHeadersBuildPhase;
			buildActionMask = 2147483647;
			files = (
				F07808FA22E2103200999FC4 /* ExplicitDependencyFramework.h in Headers */,
			);
			runOnlyForDeploymentPostprocessing = 0;
		};
/* End PBXHeadersBuildPhase section */

/* Begin PBXNativeTarget section */
		F035CB9122DB04FE00CBBF42 /* SwiftIndia-BuildTimes-Workshop */ = {
			isa = PBXNativeTarget;
			buildConfigurationList = F035CBA422DB04FF00CBBF42 /* Build configuration list for PBXNativeTarget "SwiftIndia-BuildTimes-Workshop" */;
			buildPhases = (
				F035CB8E22DB04FE00CBBF42 /* Sources */,
				F035CB8F22DB04FE00CBBF42 /* Frameworks */,
				F035CB9022DB04FE00CBBF42 /* Resources */,
				F0A85C9C22DB3D7900BF06AD /* ShellScript */,
				F078090222E2103200999FC4 /* Embed Frameworks */,
			);
			buildRules = (
			);
			dependencies = (
				F07808FC22E2103200999FC4 /* PBXTargetDependency */,
			);
			name = "SwiftIndia-BuildTimes-Workshop";
			productName = "SwiftIndia-BuildTimes-Workshop";
			productReference = F035CB9222DB04FE00CBBF42 /* SwiftIndia-BuildTimes-Workshop.app */;
			productType = "com.apple.product-type.application";
		};
		F07808F522E2103200999FC4 /* ExplicitDependencyFramework */ = {
			isa = PBXNativeTarget;
			buildConfigurationList = F07808FF22E2103200999FC4 /* Build configuration list for PBXNativeTarget "ExplicitDependencyFramework" */;
			buildPhases = (
				F07808F122E2103200999FC4 /* Headers */,
				F07808F222E2103200999FC4 /* Sources */,
				F07808F322E2103200999FC4 /* Frameworks */,
				F07808F422E2103200999FC4 /* Resources */,
			);
			buildRules = (
			);
			dependencies = (
			);
			name = ExplicitDependencyFramework;
			productName = ExplicitDependencyFramework;
			productReference = F07808F622E2103200999FC4 /* ExplicitDependencyFramework.framework */;
			productType = "com.apple.product-type.framework";
		};
/* End PBXNativeTarget section */

/* Begin PBXProject section */
		F035CB8A22DB04FE00CBBF42 /* Project object */ = {
			isa = PBXProject;
			attributes = {
				LastSwiftUpdateCheck = 1020;
				LastUpgradeCheck = 1020;
				ORGANIZATIONNAME = "kumar reddy";
				TargetAttributes = {
					F035CB9122DB04FE00CBBF42 = {
						CreatedOnToolsVersion = 10.2;
					};
					F07808F522E2103200999FC4 = {
						CreatedOnToolsVersion = 10.2;
						LastSwiftMigration = 1020;
					};
				};
			};
			buildConfigurationList = F035CB8D22DB04FE00CBBF42 /* Build configuration list for PBXProject "SwiftIndia-BuildTimes-Workshop" */;
			compatibilityVersion = "Xcode 9.3";
			developmentRegion = en;
			hasScannedForEncodings = 0;
			knownRegions = (
				en,
				Base,
			);
			mainGroup = F035CB8922DB04FE00CBBF42;
			productRefGroup = F035CB9322DB04FE00CBBF42 /* Products */;
			projectDirPath = "";
			projectReferences = (
				{
					ProductGroup = F07808EA22E20FCB00999FC4 /* Products */;
					ProjectRef = F07808E922E20FCB00999FC4 /* ImplicitDependencies.xcodeproj */;
				},
			);
			projectRoot = "";
			targets = (
				F035CB9122DB04FE00CBBF42 /* SwiftIndia-BuildTimes-Workshop */,
				F07808F522E2103200999FC4 /* ExplicitDependencyFramework */,
			);
		};
/* End PBXProject section */

/* Begin PBXReferenceProxy section */
		F07808EE22E20FCB00999FC4 /* ImplicitDependencies.framework */ = {
			isa = PBXReferenceProxy;
			fileType = wrapper.framework;
			path = ImplicitDependencies.framework;
			remoteRef = F07808ED22E20FCB00999FC4 /* PBXContainerItemProxy */;
			sourceTree = BUILT_PRODUCTS_DIR;
		};
/* End PBXReferenceProxy section */

/* Begin PBXResourcesBuildPhase section */
		F035CB9022DB04FE00CBBF42 /* Resources */ = {
			isa = PBXResourcesBuildPhase;
			buildActionMask = 2147483647;
			files = (
				F035CBA022DB04FF00CBBF42 /* LaunchScreen.storyboard in Resources */,
				F035CB9D22DB04FF00CBBF42 /* Assets.xcassets in Resources */,
				F035CB9B22DB04FE00CBBF42 /* Main.storyboard in Resources */,
			);
			runOnlyForDeploymentPostprocessing = 0;
		};
		F07808F422E2103200999FC4 /* Resources */ = {
			isa = PBXResourcesBuildPhase;
			buildActionMask = 2147483647;
			files = (
			);
			runOnlyForDeploymentPostprocessing = 0;
		};
/* End PBXResourcesBuildPhase section */

/* Begin PBXShellScriptBuildPhase section */
		F0A85C9C22DB3D7900BF06AD /* ShellScript */ = {
			isa = PBXShellScriptBuildPhase;
			buildActionMask = 2147483647;
			files = (
			);
			inputFileListPaths = (
			);
			inputPaths = (
			);
			outputFileListPaths = (
			);
			outputPaths = (
			);
			runOnlyForDeploymentPostprocessing = 0;
			shellPath = /bin/sh;
			shellScript = "# Type a script or drag a script file from your workspace to insert its path.\n\n";
		};
/* End PBXShellScriptBuildPhase section */

/* Begin PBXSourcesBuildPhase section */
		F035CB8E22DB04FE00CBBF42 /* Sources */ = {
			isa = PBXSourcesBuildPhase;
			buildActionMask = 2147483647;
			files = (
				F035CBAD22DB0BF900CBBF42 /* ArrayExtentsion.swift in Sources */,
				F035CBAB22DB09D800CBBF42 /* DoubleExtensionSample.swift in Sources */,
				F035CBA822DB071600CBBF42 /* AllExtensions.swift in Sources */,
				F035CBAF22DB0F3B00CBBF42 /* DictionaryExtension.swift in Sources */,
				F035CB9822DB04FE00CBBF42 /* ViewController.swift in Sources */,
				F035CB9622DB04FE00CBBF42 /* AppDelegate.swift in Sources */,
			);
			runOnlyForDeploymentPostprocessing = 0;
		};
		F07808F222E2103200999FC4 /* Sources */ = {
			isa = PBXSourcesBuildPhase;
			buildActionMask = 2147483647;
			files = (
				F078090422E2104500999FC4 /* HelloWorldExplicit.swift in Sources */,
			);
			runOnlyForDeploymentPostprocessing = 0;
		};
/* End PBXSourcesBuildPhase section */

/* Begin PBXTargetDependency section */
		F07808FC22E2103200999FC4 /* PBXTargetDependency */ = {
			isa = PBXTargetDependency;
			target = F07808F522E2103200999FC4 /* ExplicitDependencyFramework */;
			targetProxy = F07808FB22E2103200999FC4 /* PBXContainerItemProxy */;
		};
/* End PBXTargetDependency section */

/* Begin PBXVariantGroup section */
		F035CB9922DB04FE00CBBF42 /* Main.storyboard */ = {
			isa = PBXVariantGroup;
			children = (
				F035CB9A22DB04FE00CBBF42 /* Base */,
			);
			name = Main.storyboard;
			sourceTree = "<group>";
		};
		F035CB9E22DB04FF00CBBF42 /* LaunchScreen.storyboard */ = {
			isa = PBXVariantGroup;
			children = (
				F035CB9F22DB04FF00CBBF42 /* Base */,
			);
			name = LaunchScreen.storyboard;
			sourceTree = "<group>";
		};
/* End PBXVariantGroup section */

/* Begin XCBuildConfiguration section */
		F035CBA222DB04FF00CBBF42 /* Debug */ = {
			isa = XCBuildConfiguration;
			buildSettings = {
				ALWAYS_SEARCH_USER_PATHS = NO;
				CLANG_ANALYZER_NONNULL = YES;
				CLANG_ANALYZER_NUMBER_OBJECT_CONVERSION = YES_AGGRESSIVE;
				CLANG_CXX_LANGUAGE_STANDARD = "gnu++14";
				CLANG_CXX_LIBRARY = "libc++";
				CLANG_ENABLE_MODULES = YES;
				CLANG_ENABLE_OBJC_ARC = YES;
				CLANG_ENABLE_OBJC_WEAK = YES;
				CLANG_WARN_BLOCK_CAPTURE_AUTORELEASING = YES;
				CLANG_WARN_BOOL_CONVERSION = YES;
				CLANG_WARN_COMMA = YES;
				CLANG_WARN_CONSTANT_CONVERSION = YES;
				CLANG_WARN_DEPRECATED_OBJC_IMPLEMENTATIONS = YES;
				CLANG_WARN_DIRECT_OBJC_ISA_USAGE = YES_ERROR;
				CLANG_WARN_DOCUMENTATION_COMMENTS = YES;
				CLANG_WARN_EMPTY_BODY = YES;
				CLANG_WARN_ENUM_CONVERSION = YES;
				CLANG_WARN_INFINITE_RECURSION = YES;
				CLANG_WARN_INT_CONVERSION = YES;
				CLANG_WARN_NON_LITERAL_NULL_CONVERSION = YES;
				CLANG_WARN_OBJC_IMPLICIT_RETAIN_SELF = YES;
				CLANG_WARN_OBJC_LITERAL_CONVERSION = YES;
				CLANG_WARN_OBJC_ROOT_CLASS = YES_ERROR;
				CLANG_WARN_RANGE_LOOP_ANALYSIS = YES;
				CLANG_WARN_STRICT_PROTOTYPES = YES;
				CLANG_WARN_SUSPICIOUS_MOVE = YES;
				CLANG_WARN_UNGUARDED_AVAILABILITY = YES_AGGRESSIVE;
				CLANG_WARN_UNREACHABLE_CODE = YES;
				CLANG_WARN__DUPLICATE_METHOD_MATCH = YES;
				CODE_SIGN_IDENTITY = "iPhone Developer";
				COPY_PHASE_STRIP = NO;
				DEBUG_INFORMATION_FORMAT = dwarf;
				ENABLE_STRICT_OBJC_MSGSEND = YES;
				ENABLE_TESTABILITY = YES;
				GCC_C_LANGUAGE_STANDARD = gnu11;
				GCC_DYNAMIC_NO_PIC = NO;
				GCC_NO_COMMON_BLOCKS = YES;
				GCC_OPTIMIZATION_LEVEL = 0;
				GCC_PREPROCESSOR_DEFINITIONS = (
					"DEBUG=1",
					"$(inherited)",
				);
				GCC_WARN_64_TO_32_BIT_CONVERSION = YES;
				GCC_WARN_ABOUT_RETURN_TYPE = YES_ERROR;
				GCC_WARN_UNDECLARED_SELECTOR = YES;
				GCC_WARN_UNINITIALIZED_AUTOS = YES_AGGRESSIVE;
				GCC_WARN_UNUSED_FUNCTION = YES;
				GCC_WARN_UNUSED_VARIABLE = YES;
				IPHONEOS_DEPLOYMENT_TARGET = 12.2;
				MTL_ENABLE_DEBUG_INFO = INCLUDE_SOURCE;
				MTL_FAST_MATH = YES;
				ONLY_ACTIVE_ARCH = YES;
				SDKROOT = iphoneos;
				SWIFT_ACTIVE_COMPILATION_CONDITIONS = DEBUG;
				SWIFT_OPTIMIZATION_LEVEL = "-Onone";
			};
			name = Debug;
		};
		F035CBA322DB04FF00CBBF42 /* Release */ = {
			isa = XCBuildConfiguration;
			buildSettings = {
				ALWAYS_SEARCH_USER_PATHS = NO;
				CLANG_ANALYZER_NONNULL = YES;
				CLANG_ANALYZER_NUMBER_OBJECT_CONVERSION = YES_AGGRESSIVE;
				CLANG_CXX_LANGUAGE_STANDARD = "gnu++14";
				CLANG_CXX_LIBRARY = "libc++";
				CLANG_ENABLE_MODULES = YES;
				CLANG_ENABLE_OBJC_ARC = YES;
				CLANG_ENABLE_OBJC_WEAK = YES;
				CLANG_WARN_BLOCK_CAPTURE_AUTORELEASING = YES;
				CLANG_WARN_BOOL_CONVERSION = YES;
				CLANG_WARN_COMMA = YES;
				CLANG_WARN_CONSTANT_CONVERSION = YES;
				CLANG_WARN_DEPRECATED_OBJC_IMPLEMENTATIONS = YES;
				CLANG_WARN_DIRECT_OBJC_ISA_USAGE = YES_ERROR;
				CLANG_WARN_DOCUMENTATION_COMMENTS = YES;
				CLANG_WARN_EMPTY_BODY = YES;
				CLANG_WARN_ENUM_CONVERSION = YES;
				CLANG_WARN_INFINITE_RECURSION = YES;
				CLANG_WARN_INT_CONVERSION = YES;
				CLANG_WARN_NON_LITERAL_NULL_CONVERSION = YES;
				CLANG_WARN_OBJC_IMPLICIT_RETAIN_SELF = YES;
				CLANG_WARN_OBJC_LITERAL_CONVERSION = YES;
				CLANG_WARN_OBJC_ROOT_CLASS = YES_ERROR;
				CLANG_WARN_RANGE_LOOP_ANALYSIS = YES;
				CLANG_WARN_STRICT_PROTOTYPES = YES;
				CLANG_WARN_SUSPICIOUS_MOVE = YES;
				CLANG_WARN_UNGUARDED_AVAILABILITY = YES_AGGRESSIVE;
				CLANG_WARN_UNREACHABLE_CODE = YES;
				CLANG_WARN__DUPLICATE_METHOD_MATCH = YES;
				CODE_SIGN_IDENTITY = "iPhone Developer";
				COPY_PHASE_STRIP = NO;
				DEBUG_INFORMATION_FORMAT = "dwarf-with-dsym";
				ENABLE_NS_ASSERTIONS = NO;
				ENABLE_STRICT_OBJC_MSGSEND = YES;
				GCC_C_LANGUAGE_STANDARD = gnu11;
				GCC_NO_COMMON_BLOCKS = YES;
				GCC_WARN_64_TO_32_BIT_CONVERSION = YES;
				GCC_WARN_ABOUT_RETURN_TYPE = YES_ERROR;
				GCC_WARN_UNDECLARED_SELECTOR = YES;
				GCC_WARN_UNINITIALIZED_AUTOS = YES_AGGRESSIVE;
				GCC_WARN_UNUSED_FUNCTION = YES;
				GCC_WARN_UNUSED_VARIABLE = YES;
				IPHONEOS_DEPLOYMENT_TARGET = 12.2;
				MTL_ENABLE_DEBUG_INFO = NO;
				MTL_FAST_MATH = YES;
				SDKROOT = iphoneos;
				SWIFT_COMPILATION_MODE = wholemodule;
				SWIFT_OPTIMIZATION_LEVEL = "-O";
				VALIDATE_PRODUCT = YES;
			};
			name = Release;
		};
		F035CBA522DB04FF00CBBF42 /* Debug */ = {
			isa = XCBuildConfiguration;
			buildSettings = {
				ALWAYS_EMBED_SWIFT_STANDARD_LIBRARIES = YES;
				ASSETCATALOG_COMPILER_APPICON_NAME = AppIcon;
				CODE_SIGN_STYLE = Automatic;
				DEVELOPMENT_TEAM = C8STGDD3H7;
				INFOPLIST_FILE = "SwiftIndia-BuildTimes-Workshop/Info.plist";
				LD_RUNPATH_SEARCH_PATHS = (
					"$(inherited)",
					"@executable_path/Frameworks",
				);
				ONLY_ACTIVE_ARCH = YES;
				PRODUCT_BUNDLE_IDENTIFIER = "com.bkrapps.swift.india.SwiftIndia-BuildTimes-Workshop";
				PRODUCT_NAME = "$(TARGET_NAME)";
				SWIFT_COMPILATION_MODE = singlefile;
				SWIFT_VERSION = 5.0;
				TARGETED_DEVICE_FAMILY = "1,2";
			};
			name = Debug;
		};
		F035CBA622DB04FF00CBBF42 /* Release */ = {
			isa = XCBuildConfiguration;
			buildSettings = {
				ALWAYS_EMBED_SWIFT_STANDARD_LIBRARIES = YES;
				ASSETCATALOG_COMPILER_APPICON_NAME = AppIcon;
				CODE_SIGN_STYLE = Automatic;
				DEVELOPMENT_TEAM = C8STGDD3H7;
				INFOPLIST_FILE = "SwiftIndia-BuildTimes-Workshop/Info.plist";
				LD_RUNPATH_SEARCH_PATHS = (
					"$(inherited)",
					"@executable_path/Frameworks",
				);
				ONLY_ACTIVE_ARCH = NO;
				PRODUCT_BUNDLE_IDENTIFIER = "com.bkrapps.swift.india.SwiftIndia-BuildTimes-Workshop";
				PRODUCT_NAME = "$(TARGET_NAME)";
				SWIFT_COMPILATION_MODE = wholemodule;
				SWIFT_VERSION = 5.0;
				TARGETED_DEVICE_FAMILY = "1,2";
			};
			name = Release;
		};
		F078090022E2103200999FC4 /* Debug */ = {
			isa = XCBuildConfiguration;
			buildSettings = {
				CLANG_ENABLE_MODULES = YES;
				CODE_SIGN_IDENTITY = "";
				CODE_SIGN_STYLE = Automatic;
				CURRENT_PROJECT_VERSION = 1;
				DEFINES_MODULE = YES;
				DEVELOPMENT_TEAM = C8STGDD3H7;
				DYLIB_COMPATIBILITY_VERSION = 1;
				DYLIB_CURRENT_VERSION = 1;
				DYLIB_INSTALL_NAME_BASE = "@rpath";
				INFOPLIST_FILE = ExplicitDependencyFramework/Info.plist;
				INSTALL_PATH = "$(LOCAL_LIBRARY_DIR)/Frameworks";
				LD_RUNPATH_SEARCH_PATHS = (
					"$(inherited)",
					"@executable_path/Frameworks",
					"@loader_path/Frameworks",
				);
				PRODUCT_BUNDLE_IDENTIFIER = com.bkrapps.swift.india.ExplicitDependencyFramework;
				PRODUCT_NAME = "$(TARGET_NAME:c99extidentifier)";
				SKIP_INSTALL = YES;
				SWIFT_OPTIMIZATION_LEVEL = "-Onone";
				SWIFT_VERSION = 5.0;
				TARGETED_DEVICE_FAMILY = "1,2";
				VERSIONING_SYSTEM = "apple-generic";
				VERSION_INFO_PREFIX = "";
			};
			name = Debug;
		};
		F078090122E2103200999FC4 /* Release */ = {
			isa = XCBuildConfiguration;
			buildSettings = {
				CLANG_ENABLE_MODULES = YES;
				CODE_SIGN_IDENTITY = "";
				CODE_SIGN_STYLE = Automatic;
				CURRENT_PROJECT_VERSION = 1;
				DEFINES_MODULE = YES;
				DEVELOPMENT_TEAM = C8STGDD3H7;
				DYLIB_COMPATIBILITY_VERSION = 1;
				DYLIB_CURRENT_VERSION = 1;
				DYLIB_INSTALL_NAME_BASE = "@rpath";
				INFOPLIST_FILE = ExplicitDependencyFramework/Info.plist;
				INSTALL_PATH = "$(LOCAL_LIBRARY_DIR)/Frameworks";
				LD_RUNPATH_SEARCH_PATHS = (
					"$(inherited)",
					"@executable_path/Frameworks",
					"@loader_path/Frameworks",
				);
				PRODUCT_BUNDLE_IDENTIFIER = com.bkrapps.swift.india.ExplicitDependencyFramework;
				PRODUCT_NAME = "$(TARGET_NAME:c99extidentifier)";
				SKIP_INSTALL = YES;
				SWIFT_VERSION = 5.0;
				TARGETED_DEVICE_FAMILY = "1,2";
				VERSIONING_SYSTEM = "apple-generic";
				VERSION_INFO_PREFIX = "";
			};
			name = Release;
		};
/* End XCBuildConfiguration section */

/* Begin XCConfigurationList section */
		F035CB8D22DB04FE00CBBF42 /* Build configuration list for PBXProject "SwiftIndia-BuildTimes-Workshop" */ = {
			isa = XCConfigurationList;
			buildConfigurations = (
				F035CBA222DB04FF00CBBF42 /* Debug */,
				F035CBA322DB04FF00CBBF42 /* Release */,
			);
			defaultConfigurationIsVisible = 0;
			defaultConfigurationName = Release;
		};
		F035CBA422DB04FF00CBBF42 /* Build configuration list for PBXNativeTarget "SwiftIndia-BuildTimes-Workshop" */ = {
			isa = XCConfigurationList;
			buildConfigurations = (
				F035CBA522DB04FF00CBBF42 /* Debug */,
				F035CBA622DB04FF00CBBF42 /* Release */,
			);
			defaultConfigurationIsVisible = 0;
			defaultConfigurationName = Release;
		};
		F07808FF22E2103200999FC4 /* Build configuration list for PBXNativeTarget "ExplicitDependencyFramework" */ = {
			isa = XCConfigurationList;
			buildConfigurations = (
				F078090022E2103200999FC4 /* Debug */,
				F078090122E2103200999FC4 /* Release */,
			);
			defaultConfigurationIsVisible = 0;
			defaultConfigurationName = Release;
		};
/* End XCConfigurationList section */
	};
	rootObject = F035CB8A22DB04FE00CBBF42 /* Project object */;
}
